github.com/azvaliev/godom v0.0.0-20220807034409-98c3ec79ac12 h1:VHnFGTFk9e0KB+en0es2VAdVmb4/PLws2Xx6WfJvDn0=
github.com/azvaliev/godom v0.0.0-20220807034409-98c3ec79ac12/go.mod h1:3NRB8G4u9PHoDlO1lUQJd7oeqkIIHY5IOMCQ59irXN8=
github.com/azvaliev/godom v0.0.0-20220814003804-b752071d81c1 h1:RFD1ARh1jtCMuYosQShAsaBJ2kRO64PwLryAJw0P4dE=
github.com/azvaliev/godom v0.0.0-20220814003804-b752071d81c1/go.mod h1:3NRB8G4u9PHoDlO1lUQJd7oeqkIIHY5IOMCQ59irXN8=
